
Microsoft Visual Studio Solution File, Format Version 12.00
# Visual Studio Version 17
VisualStudioVersion = 17.3.32825.248
MinimumVisualStudioVersion = 10.0.40219.1
Project("{9A19103F-16F7-4668-BE54-9A1E7A4F7556}") = "GoreRemoting", "GoreRemoting\GoreRemoting.csproj", "{5ABBA252-0A16-446D-AF6A-B4FCC6743C36}"
EndProject
Project("{9A19103F-16F7-4668-BE54-9A1E7A4F7556}") = "GoreRemoting.Tests", "GoreRemoting.Tests\GoreRemoting.Tests.csproj", "{4C9666BF-FDC1-4A06-901F-244236CF75F6}"
EndProject
Project("{9A19103F-16F7-4668-BE54-9A1E7A4F7556}") = "GoreRemoting.Tests.ExternalTypes", "GoreRemoting.Tests.ExternalTypes\GoreRemoting.Tests.ExternalTypes.csproj", "{BBE9BE55-9045-4E6C-8B87-0609DBF6D8AA}"
EndProject
Project("{2150E333-8FDC-42A3-9474-1A3956D46DE8}") = "Examples", "Examples", "{2833ECBF-B58A-4082-A992-74D27614427D}"
EndProject
Project("{9A19103F-16F7-4668-BE54-9A1E7A4F7556}") = "grpc-dotnetClientNet60", "Examples\grpc-dotnetClientNet60\grpc-dotnetClientNet60.csproj", "{E9070C51-A722-4DB3-8C79-806E0A56FA94}"
EndProject
Project("{9A19103F-16F7-4668-BE54-9A1E7A4F7556}") = "grpc-dotnetServerNet60", "Examples\grpc-dotnetServerNet60\grpc-dotnetServerNet60.csproj", "{B656C943-8AC7-4409-A1D0-E357B9F74832}"
EndProject
Project("{9A19103F-16F7-4668-BE54-9A1E7A4F7556}") = "GrpcCoreClientNet48", "Examples\GrpcCoreClientNet48\GrpcCoreClientNet48.csproj", "{0BFDE6B3-57F1-41C2-80A1-30ABA860D5FB}"
EndProject
Project("{9A19103F-16F7-4668-BE54-9A1E7A4F7556}") = "GrpcCoreServerNet48", "Examples\GrpcCoreServerNet48\GrpcCoreServerNet48.csproj", "{1C00575B-8A8A-4673-8EA0-A5DC29867FDD}"
EndProject
Project("{9A19103F-16F7-4668-BE54-9A1E7A4F7556}") = "GrpcCoreClientNet60", "Examples\GrpcCoreClientNet60\GrpcCoreClientNet60.csproj", "{F3A31369-BA06-475F-A68B-BC199C0196A3}"
EndProject
Project("{9A19103F-16F7-4668-BE54-9A1E7A4F7556}") = "GrpcCoreServerNet60", "Examples\GrpcCoreServerNet60\GrpcCoreServerNet60.csproj", "{AC61BE74-CC83-4F00-ACC5-5A2371AFD31A}"
EndProject
Project("{9A19103F-16F7-4668-BE54-9A1E7A4F7556}") = "GoreRemoting.Serialization.BinaryFormatter", "GoreRemoting.Serialization.BinaryFormatter\GoreRemoting.Serialization.BinaryFormatter.csproj", "{AF1C2330-DA6E-4C34-83D8-B43E63F3B5DD}"
EndProject
Project("{9A19103F-16F7-4668-BE54-9A1E7A4F7556}") = "GoreRemoting.Serialization.MemoryPack", "GoreRemoting.Serialization.MemoryPack\GoreRemoting.Serialization.MemoryPack.csproj", "{C8F9F0FC-AEFE-4ABE-9F1A-098B13948107}"
EndProject
Project("{9A19103F-16F7-4668-BE54-9A1E7A4F7556}") = "GoreRemoting.Serialization.Json", "GoreRemoting.Serialization.Json\GoreRemoting.Serialization.Json.csproj", "{8338BB65-54FC-4C5D-940B-D67A24A42188}"
EndProject
Project("{9A19103F-16F7-4668-BE54-9A1E7A4F7556}") = "GoreRemoting.Compression.Lz4", "GoreRemoting.Compression.Lz4\GoreRemoting.Compression.Lz4.csproj", "{343C913F-68CB-4625-A26A-19979CCB643A}"
EndProject
Project("{9A19103F-16F7-4668-BE54-9A1E7A4F7556}") = "GoreRemoting.Serialization.MessagePack", "GoreRemoting.Serialization.MessagePack\GoreRemoting.Serialization.MessagePack.csproj", "{5D7CF749-B924-4740-824D-966A53601D1F}"
EndProject
Project("{9A19103F-16F7-4668-BE54-9A1E7A4F7556}") = "GoreRemoting.Serialization.Protobuf", "GoreRemoting.Serialization.Protobuf\GoreRemoting.Serialization.Protobuf.csproj", "{5C7E2E07-5390-4505-BD83-ED9CB86BC891}"
EndProject
Global
	GlobalSection(SolutionConfigurationPlatforms) = preSolution
		Debug|Any CPU = Debug|Any CPU
		Release|Any CPU = Release|Any CPU
	EndGlobalSection
	GlobalSection(ProjectConfigurationPlatforms) = postSolution
		{5ABBA252-0A16-446D-AF6A-B4FCC6743C36}.Debug|Any CPU.ActiveCfg = Debug|Any CPU
		{5ABBA252-0A16-446D-AF6A-B4FCC6743C36}.Debug|Any CPU.Build.0 = Debug|Any CPU
		{5ABBA252-0A16-446D-AF6A-B4FCC6743C36}.Release|Any CPU.ActiveCfg = Release|Any CPU
		{5ABBA252-0A16-446D-AF6A-B4FCC6743C36}.Release|Any CPU.Build.0 = Release|Any CPU
		{4C9666BF-FDC1-4A06-901F-244236CF75F6}.Debug|Any CPU.ActiveCfg = Debug|Any CPU
		{4C9666BF-FDC1-4A06-901F-244236CF75F6}.Debug|Any CPU.Build.0 = Debug|Any CPU
		{4C9666BF-FDC1-4A06-901F-244236CF75F6}.Release|Any CPU.ActiveCfg = Release|Any CPU
		{4C9666BF-FDC1-4A06-901F-244236CF75F6}.Release|Any CPU.Build.0 = Release|Any CPU
		{BBE9BE55-9045-4E6C-8B87-0609DBF6D8AA}.Debug|Any CPU.ActiveCfg = Debug|Any CPU
		{BBE9BE55-9045-4E6C-8B87-0609DBF6D8AA}.Debug|Any CPU.Build.0 = Debug|Any CPU
		{BBE9BE55-9045-4E6C-8B87-0609DBF6D8AA}.Release|Any CPU.ActiveCfg = Release|Any CPU
		{BBE9BE55-9045-4E6C-8B87-0609DBF6D8AA}.Release|Any CPU.Build.0 = Release|Any CPU
		{E9070C51-A722-4DB3-8C79-806E0A56FA94}.Debug|Any CPU.ActiveCfg = Debug|Any CPU
		{E9070C51-A722-4DB3-8C79-806E0A56FA94}.Debug|Any CPU.Build.0 = Debug|Any CPU
		{E9070C51-A722-4DB3-8C79-806E0A56FA94}.Release|Any CPU.ActiveCfg = Release|Any CPU
		{E9070C51-A722-4DB3-8C79-806E0A56FA94}.Release|Any CPU.Build.0 = Release|Any CPU
		{B656C943-8AC7-4409-A1D0-E357B9F74832}.Debug|Any CPU.ActiveCfg = Debug|Any CPU
		{B656C943-8AC7-4409-A1D0-E357B9F74832}.Debug|Any CPU.Build.0 = Debug|Any CPU
		{B656C943-8AC7-4409-A1D0-E357B9F74832}.Release|Any CPU.ActiveCfg = Release|Any CPU
		{B656C943-8AC7-4409-A1D0-E357B9F74832}.Release|Any CPU.Build.0 = Release|Any CPU
		{0BFDE6B3-57F1-41C2-80A1-30ABA860D5FB}.Debug|Any CPU.ActiveCfg = Debug|Any CPU
		{0BFDE6B3-57F1-41C2-80A1-30ABA860D5FB}.Debug|Any CPU.Build.0 = Debug|Any CPU
		{0BFDE6B3-57F1-41C2-80A1-30ABA860D5FB}.Release|Any CPU.ActiveCfg = Release|Any CPU
		{0BFDE6B3-57F1-41C2-80A1-30ABA860D5FB}.Release|Any CPU.Build.0 = Release|Any CPU
		{1C00575B-8A8A-4673-8EA0-A5DC29867FDD}.Debug|Any CPU.ActiveCfg = Debug|Any CPU
		{1C00575B-8A8A-4673-8EA0-A5DC29867FDD}.Debug|Any CPU.Build.0 = Debug|Any CPU
		{1C00575B-8A8A-4673-8EA0-A5DC29867FDD}.Release|Any CPU.ActiveCfg = Release|Any CPU
		{1C00575B-8A8A-4673-8EA0-A5DC29867FDD}.Release|Any CPU.Build.0 = Release|Any CPU
		{F3A31369-BA06-475F-A68B-BC199C0196A3}.Debug|Any CPU.ActiveCfg = Debug|Any CPU
		{F3A31369-BA06-475F-A68B-BC199C0196A3}.Debug|Any CPU.Build.0 = Debug|Any CPU
		{F3A31369-BA06-475F-A68B-BC199C0196A3}.Release|Any CPU.ActiveCfg = Release|Any CPU
		{F3A31369-BA06-475F-A68B-BC199C0196A3}.Release|Any CPU.Build.0 = Release|Any CPU
		{AC61BE74-CC83-4F00-ACC5-5A2371AFD31A}.Debug|Any CPU.ActiveCfg = Debug|Any CPU
		{AC61BE74-CC83-4F00-ACC5-5A2371AFD31A}.Debug|Any CPU.Build.0 = Debug|Any CPU
		{AC61BE74-CC83-4F00-ACC5-5A2371AFD31A}.Release|Any CPU.ActiveCfg = Release|Any CPU
		{AC61BE74-CC83-4F00-ACC5-5A2371AFD31A}.Release|Any CPU.Build.0 = Release|Any CPU
		{AF1C2330-DA6E-4C34-83D8-B43E63F3B5DD}.Debug|Any CPU.ActiveCfg = Debug|Any CPU
		{AF1C2330-DA6E-4C34-83D8-B43E63F3B5DD}.Debug|Any CPU.Build.0 = Debug|Any CPU
		{AF1C2330-DA6E-4C34-83D8-B43E63F3B5DD}.Release|Any CPU.ActiveCfg = Release|Any CPU
		{AF1C2330-DA6E-4C34-83D8-B43E63F3B5DD}.Release|Any CPU.Build.0 = Release|Any CPU
		{C8F9F0FC-AEFE-4ABE-9F1A-098B13948107}.Debug|Any CPU.ActiveCfg = Debug|Any CPU
		{C8F9F0FC-AEFE-4ABE-9F1A-098B13948107}.Debug|Any CPU.Build.0 = Debug|Any CPU
		{C8F9F0FC-AEFE-4ABE-9F1A-098B13948107}.Release|Any CPU.ActiveCfg = Release|Any CPU
		{C8F9F0FC-AEFE-4ABE-9F1A-098B13948107}.Release|Any CPU.Build.0 = Release|Any CPU
		{8338BB65-54FC-4C5D-940B-D67A24A42188}.Debug|Any CPU.ActiveCfg = Debug|Any CPU
		{8338BB65-54FC-4C5D-940B-D67A24A42188}.Debug|Any CPU.Build.0 = Debug|Any CPU
		{8338BB65-54FC-4C5D-940B-D67A24A42188}.Release|Any CPU.ActiveCfg = Release|Any CPU
		{8338BB65-54FC-4C5D-940B-D67A24A42188}.Release|Any CPU.Build.0 = Release|Any CPU
		{343C913F-68CB-4625-A26A-19979CCB643A}.Debug|Any CPU.ActiveCfg = Debug|Any CPU
		{343C913F-68CB-4625-A26A-19979CCB643A}.Debug|Any CPU.Build.0 = Debug|Any CPU
		{343C913F-68CB-4625-A26A-19979CCB643A}.Release|Any CPU.ActiveCfg = Release|Any CPU
		{343C913F-68CB-4625-A26A-19979CCB643A}.Release|Any CPU.Build.0 = Release|Any CPU
		{5D7CF749-B924-4740-824D-966A53601D1F}.Debug|Any CPU.ActiveCfg = Debug|Any CPU
		{5D7CF749-B924-4740-824D-966A53601D1F}.Debug|Any CPU.Build.0 = Debug|Any CPU
		{5D7CF749-B924-4740-824D-966A53601D1F}.Release|Any CPU.ActiveCfg = Release|Any CPU
		{5D7CF749-B924-4740-824D-966A53601D1F}.Release|Any CPU.Build.0 = Release|Any CPU
		{5C7E2E07-5390-4505-BD83-ED9CB86BC891}.Debug|Any CPU.ActiveCfg = Debug|Any CPU
		{5C7E2E07-5390-4505-BD83-ED9CB86BC891}.Debug|Any CPU.Build.0 = Debug|Any CPU
		{5C7E2E07-5390-4505-BD83-ED9CB86BC891}.Release|Any CPU.ActiveCfg = Release|Any CPU
		{5C7E2E07-5390-4505-BD83-ED9CB86BC891}.Release|Any CPU.Build.0 = Release|Any CPU
	EndGlobalSection
	GlobalSection(SolutionProperties) = preSolution
		HideSolutionNode = FALSE
	EndGlobalSection
	GlobalSection(NestedProjects) = preSolution
		{E9070C51-A722-4DB3-8C79-806E0A56FA94} = {2833ECBF-B58A-4082-A992-74D27614427D}
		{B656C943-8AC7-4409-A1D0-E357B9F74832} = {2833ECBF-B58A-4082-A992-74D27614427D}
		{0BFDE6B3-57F1-41C2-80A1-30ABA860D5FB} = {2833ECBF-B58A-4082-A992-74D27614427D}
		{1C00575B-8A8A-4673-8EA0-A5DC29867FDD} = {2833ECBF-B58A-4082-A992-74D27614427D}
		{F3A31369-BA06-475F-A68B-BC199C0196A3} = {2833ECBF-B58A-4082-A992-74D27614427D}
		{AC61BE74-CC83-4F00-ACC5-5A2371AFD31A} = {2833ECBF-B58A-4082-A992-74D27614427D}
	EndGlobalSection
	GlobalSection(ExtensibilityGlobals) = postSolution
		SolutionGuid = {3A054D58-17BA-4DCC-80E1-8E04282C61BC}
	EndGlobalSection
EndGlobal
